
Microsoft Visual Studio Solution File, Format Version 12.00
# Visual Studio Version 16
VisualStudioVersion = 16.0.31205.134
MinimumVisualStudioVersion = 10.0.40219.1
Project("{FAE04EC0-301F-11D3-BF4B-00C04F79EFBC}") = "ReadWriteTxt", "ReadWriteTxt\ReadWriteTxt.csproj", "{3E14CA41-24AA-48DA-B0BF-BFA6535C0704}"
EndProject
Global
	GlobalSection(SolutionConfigurationPlatforms) = preSolution
		Debug|Any CPU = Debug|Any CPU
		Release|Any CPU = Release|Any CPU
	EndGlobalSection
	GlobalSection(ProjectConfigurationPlatforms) = postSolution
		{3E14CA41-24AA-48DA-B0BF-BFA6535C0704}.Debug|Any CPU.ActiveCfg = Debug|Any CPU
		{3E14CA41-24AA-48DA-B0BF-BFA6535C0704}.Debug|Any CPU.Build.0 = Debug|Any CPU
		{3E14CA41-24AA-48DA-B0BF-BFA6535C0704}.Release|Any CPU.ActiveCfg = Release|Any CPU
		{3E14CA41-24AA-48DA-B0BF-BFA6535C0704}.Release|Any CPU.Build.0 = Release|Any CPU
	EndGlobalSection
	GlobalSection(SolutionProperties) = preSolution
		HideSolutionNode = FALSE
	EndGlobalSection
	GlobalSection(ExtensibilityGlobals) = postSolution
		SolutionGuid = {9ABF434C-F282-4E27-8005-97D46C0A6F8F}
	EndGlobalSection
EndGlobal
